
Microsoft Visual Studio Solution File, Format Version 12.00
# Visual Studio Version 16
VisualStudioVersion = 16.0.30621.155
MinimumVisualStudioVersion = 10.0.40219.1
Project("{FAE04EC0-301F-11D3-BF4B-00C04F79EFBC}") = "team project", "team project\team project.csproj", "{56D99485-91BA-4DF7-9240-6C03C0DD59A4}"
EndProject
Global
	GlobalSection(SolutionConfigurationPlatforms) = preSolution
		Debug|Any CPU = Debug|Any CPU
		Release|Any CPU = Release|Any CPU
	EndGlobalSection
	GlobalSection(ProjectConfigurationPlatforms) = postSolution
		{56D99485-91BA-4DF7-9240-6C03C0DD59A4}.Debug|Any CPU.ActiveCfg = Debug|Any CPU
		{56D99485-91BA-4DF7-9240-6C03C0DD59A4}.Debug|Any CPU.Build.0 = Debug|Any CPU
		{56D99485-91BA-4DF7-9240-6C03C0DD59A4}.Release|Any CPU.ActiveCfg = Release|Any CPU
		{56D99485-91BA-4DF7-9240-6C03C0DD59A4}.Release|Any CPU.Build.0 = Release|Any CPU
	EndGlobalSection
	GlobalSection(SolutionProperties) = preSolution
		HideSolutionNode = FALSE
	EndGlobalSection
	GlobalSection(ExtensibilityGlobals) = postSolution
		SolutionGuid = {79BF98BF-403A-4AF1-AFE4-2FAD7821BBDB}
	EndGlobalSection
EndGlobal
